
Microsoft Visual Studio Solution File, Format Version 12.00
# Visual Studio 15
VisualStudioVersion = 15.0.27703.2035
MinimumVisualStudioVersion = 10.0.40219.1
Project("{FAE04EC0-301F-11D3-BF4B-00C04F79EFBC}") = "DropDownListPOC", "DropDownListPOC\DropDownListPOC.csproj", "{10D74FAB-69B9-4CC7-93EA-B1F40438A210}"
EndProject
Global
	GlobalSection(SolutionConfigurationPlatforms) = preSolution
		Debug|Any CPU = Debug|Any CPU
		Release|Any CPU = Release|Any CPU
	EndGlobalSection
	GlobalSection(ProjectConfigurationPlatforms) = postSolution
		{10D74FAB-69B9-4CC7-93EA-B1F40438A210}.Debug|Any CPU.ActiveCfg = Debug|Any CPU
		{10D74FAB-69B9-4CC7-93EA-B1F40438A210}.Debug|Any CPU.Build.0 = Debug|Any CPU
		{10D74FAB-69B9-4CC7-93EA-B1F40438A210}.Release|Any CPU.ActiveCfg = Release|Any CPU
		{10D74FAB-69B9-4CC7-93EA-B1F40438A210}.Release|Any CPU.Build.0 = Release|Any CPU
	EndGlobalSection
	GlobalSection(SolutionProperties) = preSolution
		HideSolutionNode = FALSE
	EndGlobalSection
	GlobalSection(ExtensibilityGlobals) = postSolution
		SolutionGuid = {915EECC9-9292-40D3-A822-90BCB3771297}
	EndGlobalSection
EndGlobal
